{
  "name": "native-gradle-node-project",
  "version": "0.0.1",
  "lockfileVersion": 3,
  "requires": true,
  "packages": {
    "": {
      "name": "native-gradle-node-project",
      "version": "0.0.1",
      "license": "MIT",
      "dependencies": {
        "left-pad": "1.3.0",
        "ws": "^8.18.0"
      },
      "devDependencies": {
        "@types/node": "^24.7.1"
      }
    },
    "node_modules/@types/node": {
      "version": "24.7.1",
      "resolved": "https://registry.npmjs.org/@types/node/-/node-24.7.1.tgz",
      "integrity": "sha512-CmyhGZanP88uuC5GpWU9q+fI61j2SkhO3UGMUdfYRE6Bcy0ccyzn1Rqj9YAB/ZY4kOXmNf0ocah5GtphmLMP6Q==",
      "dev": true,
      "license": "MIT",
      "dependencies": {
        "undici-types": "~7.14.0"
      }
    },
    "node_modules/left-pad": {
      "version": "1.3.0",
      "resolved": "https://registry.npmjs.org/left-pad/-/left-pad-1.3.0.tgz",
      "integrity": "sha512-XI5MPzVNApjAyhQzphX8BkmKsKUxD4LdyK24iZeQGinBN9yTQT3bFlCBy/aVx2HrNcqQGsdot8ghrjyrvMCoEA==",
      "deprecated": "use String.prototype.padStart()",
      "license": "WTFPL"
    },
    "node_modules/undici-types": {
      "version": "7.14.0",
      "resolved": "https://registry.npmjs.org/undici-types/-/undici-types-7.14.0.tgz",
      "integrity": "sha512-QQiYxHuyZ9gQUIrmPo3IA+hUl4KYk8uSA7cHrcKd/l3p1OTpZcM0Tbp9x7FAtXdAYhlasd60ncPpgu6ihG6TOA==",
      "dev": true,
      "license": "MIT"
    },
    "node_modules/ws": {
      "version": "8.18.3",
      "resolved": "https://registry.npmjs.org/ws/-/ws-8.18.3.tgz",
      "integrity": "sha512-PEIGCY5tSlUt50cqyMXfCzX+oOPqN0vuGqWzbcJ2xvnkzkq46oOpz7dQaTDBdfICb4N14+GARUDw2XV2N4tvzg==",
      "license": "MIT",
      "engines": {
        "node": ">=10.0.0"
      },
      "peerDependencies": {
        "bufferutil": "^4.0.1",
        "utf-8-validate": ">=5.0.2"
      },
      "peerDependenciesMeta": {
        "bufferutil": {
          "optional": true
        },
        "utf-8-validate": {
          "optional": true
        }
      }
    }
  }
}
